
Microsoft Visual Studio Solution File, Format Version 12.00
# Visual Studio Version 16
VisualStudioVersion = 16.0.31112.23
MinimumVisualStudioVersion = 10.0.40219.1
Project("{9A19103F-16F7-4668-BE54-9A1E7A4F7556}") = "TrelloClone", "TrelloClone\TrelloClone.csproj", "{B3A3A37F-8CCD-4F66-9A54-036E726A4F8C}"
EndProject
Project("{9A19103F-16F7-4668-BE54-9A1E7A4F7556}") = "Domain", "DomainLayer\Domain.csproj", "{EFD58649-9089-45C5-813D-4CDED73834DB}"
EndProject
Project("{9A19103F-16F7-4668-BE54-9A1E7A4F7556}") = "Repository", "Repository\Repository.csproj", "{5905EA3D-BF26-461D-AA12-E0AAB4F04249}"
EndProject
Project("{9A19103F-16F7-4668-BE54-9A1E7A4F7556}") = "Application", "Application\Application.csproj", "{F9C65635-B772-4119-9611-5E1749CFBB13}"
EndProject
Project("{9A19103F-16F7-4668-BE54-9A1E7A4F7556}") = "TrelloCloneMVC", "TrelloCloneMVC\TrelloCloneMVC.csproj", "{DC19F981-A2AE-4FC2-A858-ABE8C1118C33}"
EndProject
Project("{9A19103F-16F7-4668-BE54-9A1E7A4F7556}") = "TrelloCloneTests", "TrelloCloneTests\TrelloCloneTests.csproj", "{5F6E6E85-9C23-4CBC-B661-4B91DB21AE51}"
EndProject
Project("{FAE04EC0-301F-11D3-BF4B-00C04F79EFBC}") = "PaymentProjectTests", "PaymentProjectTests\PaymentProjectTests.csproj", "{21F0EA07-7DA2-48FA-9849-30CEFDA43249}"
EndProject
Project("{FAE04EC0-301F-11D3-BF4B-00C04F79EFBC}") = "ConsoleApp1", "ConsoleApp1\ConsoleApp1.csproj", "{08746021-8945-4EEC-A474-6C5D1ECA482D}"
EndProject
Global
	GlobalSection(SolutionConfigurationPlatforms) = preSolution
		Debug|Any CPU = Debug|Any CPU
		Release|Any CPU = Release|Any CPU
	EndGlobalSection
	GlobalSection(ProjectConfigurationPlatforms) = postSolution
		{B3A3A37F-8CCD-4F66-9A54-036E726A4F8C}.Debug|Any CPU.ActiveCfg = Debug|Any CPU
		{B3A3A37F-8CCD-4F66-9A54-036E726A4F8C}.Debug|Any CPU.Build.0 = Debug|Any CPU
		{B3A3A37F-8CCD-4F66-9A54-036E726A4F8C}.Release|Any CPU.ActiveCfg = Release|Any CPU
		{B3A3A37F-8CCD-4F66-9A54-036E726A4F8C}.Release|Any CPU.Build.0 = Release|Any CPU
		{EFD58649-9089-45C5-813D-4CDED73834DB}.Debug|Any CPU.ActiveCfg = Debug|Any CPU
		{EFD58649-9089-45C5-813D-4CDED73834DB}.Debug|Any CPU.Build.0 = Debug|Any CPU
		{EFD58649-9089-45C5-813D-4CDED73834DB}.Release|Any CPU.ActiveCfg = Release|Any CPU
		{EFD58649-9089-45C5-813D-4CDED73834DB}.Release|Any CPU.Build.0 = Release|Any CPU
		{5905EA3D-BF26-461D-AA12-E0AAB4F04249}.Debug|Any CPU.ActiveCfg = Debug|Any CPU
		{5905EA3D-BF26-461D-AA12-E0AAB4F04249}.Debug|Any CPU.Build.0 = Debug|Any CPU
		{5905EA3D-BF26-461D-AA12-E0AAB4F04249}.Release|Any CPU.ActiveCfg = Release|Any CPU
		{5905EA3D-BF26-461D-AA12-E0AAB4F04249}.Release|Any CPU.Build.0 = Release|Any CPU
		{F9C65635-B772-4119-9611-5E1749CFBB13}.Debug|Any CPU.ActiveCfg = Debug|Any CPU
		{F9C65635-B772-4119-9611-5E1749CFBB13}.Debug|Any CPU.Build.0 = Debug|Any CPU
		{F9C65635-B772-4119-9611-5E1749CFBB13}.Release|Any CPU.ActiveCfg = Release|Any CPU
		{F9C65635-B772-4119-9611-5E1749CFBB13}.Release|Any CPU.Build.0 = Release|Any CPU
		{DC19F981-A2AE-4FC2-A858-ABE8C1118C33}.Debug|Any CPU.ActiveCfg = Debug|Any CPU
		{DC19F981-A2AE-4FC2-A858-ABE8C1118C33}.Debug|Any CPU.Build.0 = Debug|Any CPU
		{DC19F981-A2AE-4FC2-A858-ABE8C1118C33}.Release|Any CPU.ActiveCfg = Release|Any CPU
		{DC19F981-A2AE-4FC2-A858-ABE8C1118C33}.Release|Any CPU.Build.0 = Release|Any CPU
		{5F6E6E85-9C23-4CBC-B661-4B91DB21AE51}.Debug|Any CPU.ActiveCfg = Debug|Any CPU
		{5F6E6E85-9C23-4CBC-B661-4B91DB21AE51}.Debug|Any CPU.Build.0 = Debug|Any CPU
		{5F6E6E85-9C23-4CBC-B661-4B91DB21AE51}.Release|Any CPU.ActiveCfg = Release|Any CPU
		{5F6E6E85-9C23-4CBC-B661-4B91DB21AE51}.Release|Any CPU.Build.0 = Release|Any CPU
		{21F0EA07-7DA2-48FA-9849-30CEFDA43249}.Debug|Any CPU.ActiveCfg = Debug|Any CPU
		{21F0EA07-7DA2-48FA-9849-30CEFDA43249}.Debug|Any CPU.Build.0 = Debug|Any CPU
		{21F0EA07-7DA2-48FA-9849-30CEFDA43249}.Release|Any CPU.ActiveCfg = Release|Any CPU
		{21F0EA07-7DA2-48FA-9849-30CEFDA43249}.Release|Any CPU.Build.0 = Release|Any CPU
		{08746021-8945-4EEC-A474-6C5D1ECA482D}.Debug|Any CPU.ActiveCfg = Debug|Any CPU
		{08746021-8945-4EEC-A474-6C5D1ECA482D}.Debug|Any CPU.Build.0 = Debug|Any CPU
		{08746021-8945-4EEC-A474-6C5D1ECA482D}.Release|Any CPU.ActiveCfg = Release|Any CPU
		{08746021-8945-4EEC-A474-6C5D1ECA482D}.Release|Any CPU.Build.0 = Release|Any CPU
	EndGlobalSection
	GlobalSection(SolutionProperties) = preSolution
		HideSolutionNode = FALSE
	EndGlobalSection
	GlobalSection(ExtensibilityGlobals) = postSolution
		SolutionGuid = {8FB4756F-AF36-47CB-BA45-F1533493FA33}
	EndGlobalSection
EndGlobal
